{
  "nodes": {
    "flake-utils": {
      "inputs": {
        "systems": "systems"
      },
      "locked": {
        "lastModified": 1726560853,
        "narHash": "sha256-X6rJYSESBVr3hBoH0WbKE5KvhPU5bloyZ2L4K60/fPQ=",
        "owner": "numtide",
        "repo": "flake-utils",
        "rev": "c1dfcf08411b08f6b8615f7d8971a2bfa81d5e8a",
        "type": "github"
      },
      "original": {
        "owner": "numtide",
        "repo": "flake-utils",
        "type": "github"
      }
    },
    "ig": {
      "inputs": {
        "nixpkgs": [
          "nixpkgs"
        ]
      },
      "locked": {
        "lastModified": 1725844566,
        "narHash": "sha256-ahMDcgYGEJOgIohpskNsQiNQyygM393CQhpCO9RqiH0=",
        "ref": "refs/heads/main",
        "rev": "b53cd5c8f84ea312161bf982a5868a82c08ac882",
        "revCount": 1,
        "type": "git",
        "url": "https://koholi.net/git/tom/ig"
      },
      "original": {
        "type": "git",
        "url": "https://koholi.net/git/tom/ig"
      }
    },
    "naersk": {
      "inputs": {
        "nixpkgs": [
          "scls",
          "nixpkgs"
        ]
      },
      "locked": {
        "lastModified": 1694081375,
        "narHash": "sha256-vzJXOUnmkMCm3xw8yfPP5m8kypQ3BhAIRe4RRCWpzy8=",
        "owner": "nix-community",
        "repo": "naersk",
        "rev": "3f976d822b7b37fc6fb8e6f157c2dd05e7e94e89",
        "type": "github"
      },
      "original": {
        "owner": "nix-community",
        "ref": "master",
        "repo": "naersk",
        "type": "github"
      }
    },
    "neovim-env": {
      "inputs": {
        "flake-utils": [
          "flake-utils"
        ],
        "nixpkgs": [
          "nixpkgs"
        ],
        "wrapper-manager": "wrapper-manager"
      },
      "locked": {
        "lastModified": 1727835931,
        "narHash": "sha256-kcgktYFjElQ5rKPT1T4S7Jd4SJZon0SZlzPzbCR1mBs=",
        "ref": "refs/heads/main",
        "rev": "621ed4627dc780a590b912835f969f0b4ccff66e",
        "revCount": 1,
        "type": "git",
        "url": "https://koholi.net/git/tom/neovim-env"
      },
      "original": {
        "type": "git",
        "url": "https://koholi.net/git/tom/neovim-env"
      }
    },
    "nixpkgs": {
      "locked": {
        "lastModified": 1727335715,
        "narHash": "sha256-1uw3y94dA4l22LkqHRIsb7qr3rV5XdxQFqctINfx8Cc=",
        "owner": "NixOS",
        "repo": "nixpkgs",
        "rev": "28b5b8af91ffd2623e995e20aee56510db49001a",
        "type": "github"
      },
      "original": {
        "owner": "NixOS",
        "ref": "nixpkgs-unstable",
        "repo": "nixpkgs",
        "type": "github"
      }
    },
    "root": {
      "inputs": {
        "flake-utils": "flake-utils",
        "ig": "ig",
        "neovim-env": "neovim-env",
        "nixpkgs": "nixpkgs",
        "scls": "scls"
      }
    },
    "scls": {
      "inputs": {
        "flake-utils": [
          "flake-utils"
        ],
        "naersk": "naersk",
        "nixpkgs": [
          "nixpkgs"
        ]
      },
      "locked": {
        "lastModified": 1726552190,
        "narHash": "sha256-4wceSbjDvzr2dcaYq5I/KRBTFgvolvnF8sECpKe/UYE=",
        "owner": "estin",
        "repo": "simple-completion-language-server",
        "rev": "40db0768e8b0b580a8e894fcd95158bd25f28735",
        "type": "github"
      },
      "original": {
        "owner": "estin",
        "repo": "simple-completion-language-server",
        "type": "github"
      }
    },
    "systems": {
      "locked": {
        "lastModified": 1681028828,
        "narHash": "sha256-Vy1rq5AaRuLzOxct8nz4T6wlgyUR7zLU309k9mBC768=",
        "owner": "nix-systems",
        "repo": "default",
        "rev": "da67096a3b9bf56a91d16901293e51ba5b49a27e",
        "type": "github"
      },
      "original": {
        "owner": "nix-systems",
        "repo": "default",
        "type": "github"
      }
    },
    "wrapper-manager": {
      "inputs": {
        "nixpkgs": [
          "neovim-env",
          "nixpkgs"
        ]
      },
      "locked": {
        "lastModified": 1724503599,
        "narHash": "sha256-WVhNq3QjnG/2mi772CkTxZCQcomKV5S03TbQKwe1Kj4=",
        "owner": "viperML",
        "repo": "wrapper-manager",
        "rev": "c936f9203217e654a6074d206505c16432edbc70",
        "type": "github"
      },
      "original": {
        "owner": "viperML",
        "repo": "wrapper-manager",
        "type": "github"
      }
    }
  },
  "root": "root",
  "version": 7
}
